PODS:
  - GoogleMaps (9.0.0):
    - GoogleMaps/Maps (= 9.0.0)
  - GoogleMaps/Base (9.0.0)
  - GoogleMaps/Maps (9.0.0):
    - GoogleMaps/Base

DEPENDENCIES:
  - GoogleMaps (= 9.0.0.0)

SPEC REPOS:
  trunk:
    - GoogleMaps

SPEC CHECKSUMS:
  GoogleMaps: 4907d0d42bf8cd58f56743e31f91d23c10682745

PODFILE CHECKSUM: 2d2365a52cab9f088c4f3d5029085070b8ca7975

COCOAPODS: 1.13.0
